// !$*UTF8*$!
{
	archiveVersion = 1;
	classes = {
	};
	objectVersion = 46;
	objects = {

/* Begin PBXBuildFile section */
		006471C71F1771C500667FA6 /* AppDelegate.swift in Sources */ = {isa = PBXBuildFile; fileRef = 006471C61F1771C500667FA6 /* AppDelegate.swift */; };
		006471C91F1771C500667FA6 /* GameScene.sks in Resources */ = {isa = PBXBuildFile; fileRef = 006471C81F1771C500667FA6 /* GameScene.sks */; };
		006471CB1F1771C500667FA6 /* Actions.sks in Resources */ = {isa = PBXBuildFile; fileRef = 006471CA1F1771C500667FA6 /* Actions.sks */; };
		006471CD1F1771C500667FA6 /* GameScene.swift in Sources */ = {isa = PBXBuildFile; fileRef = 006471CC1F1771C500667FA6 /* GameScene.swift */; };
		006471CF1F1771C500667FA6 /* GameViewController.swift in Sources */ = {isa = PBXBuildFile; fileRef = 006471CE1F1771C500667FA6 /* GameViewController.swift */; };
		006471D21F1771C600667FA6 /* Main.storyboard in Resources */ = {isa = PBXBuildFile; fileRef = 006471D01F1771C600667FA6 /* Main.storyboard */; };
		006471D41F1771C600667FA6 /* Assets.xcassets in Resources */ = {isa = PBXBuildFile; fileRef = 006471D31F1771C600667FA6 /* Assets.xcassets */; };
		006471D71F1771C600667FA6 /* LaunchScreen.storyboard in Resources */ = {isa = PBXBuildFile; fileRef = 006471D51F1771C600667FA6 /* LaunchScreen.storyboard */; };
		006471E21F17749000667FA6 /* explosion.mp3 in Resources */ = {isa = PBXBuildFile; fileRef = 006471DE1F17749000667FA6 /* explosion.mp3 */; };
		006471E31F17749000667FA6 /* Explosion.sks in Resources */ = {isa = PBXBuildFile; fileRef = 006471DF1F17749000667FA6 /* Explosion.sks */; };
		006471E41F17749000667FA6 /* Starfield.sks in Resources */ = {isa = PBXBuildFile; fileRef = 006471E01F17749000667FA6 /* Starfield.sks */; };
		006471E51F17749000667FA6 /* torpedo.mp3 in Resources */ = {isa = PBXBuildFile; fileRef = 006471E11F17749000667FA6 /* torpedo.mp3 */; };
		006471E71F17752000667FA6 /* spark.png in Resources */ = {isa = PBXBuildFile; fileRef = 006471E61F17752000667FA6 /* spark.png */; };
/* End PBXBuildFile section */

/* Begin PBXFileReference section */
		006471C31F1771C500667FA6 /* ArtGameProject.app */ = {isa = PBXFileReference; explicitFileType = wrapper.application; includeInIndex = 0; path = ArtGameProject.app; sourceTree = BUILT_PRODUCTS_DIR; };
		006471C61F1771C500667FA6 /* AppDelegate.swift */ = {isa = PBXFileReference; lastKnownFileType = sourcecode.swift; path = AppDelegate.swift; sourceTree = "<group>"; };
		006471C81F1771C500667FA6 /* GameScene.sks */ = {isa = PBXFileReference; lastKnownFileType = file.sks; path = GameScene.sks; sourceTree = "<group>"; };
		006471CA1F1771C500667FA6 /* Actions.sks */ = {isa = PBXFileReference; lastKnownFileType = file.sks; path = Actions.sks; sourceTree = "<group>"; };
		006471CC1F1771C500667FA6 /* GameScene.swift */ = {isa = PBXFileReference; lastKnownFileType = sourcecode.swift; path = GameScene.swift; sourceTree = "<group>"; };
		006471CE1F1771C500667FA6 /* GameViewController.swift */ = {isa = PBXFileReference; lastKnownFileType = sourcecode.swift; path = GameViewController.swift; sourceTree = "<group>"; };
		006471D11F1771C600667FA6 /* Base */ = {isa = PBXFileReference; lastKnownFileType = file.storyboard; name = Base; path = Base.lproj/Main.storyboard; sourceTree = "<group>"; };
		006471D31F1771C600667FA6 /* Assets.xcassets */ = {isa = PBXFileReference; lastKnownFileType = folder.assetcatalog; path = Assets.xcassets; sourceTree = "<group>"; };
		006471D61F1771C600667FA6 /* Base */ = {isa = PBXFileReference; lastKnownFileType = file.storyboard; name = Base; path = Base.lproj/LaunchScreen.storyboard; sourceTree = "<group>"; };
		006471D81F1771C600667FA6 /* Info.plist */ = {isa = PBXFileReference; lastKnownFileType = text.plist.xml; path = Info.plist; sourceTree = "<group>"; };
		006471DE1F17749000667FA6 /* explosion.mp3 */ = {isa = PBXFileReference; lastKnownFileType = audio.mp3; path = explosion.mp3; sourceTree = "<group>"; };
		006471DF1F17749000667FA6 /* Explosion.sks */ = {isa = PBXFileReference; lastKnownFileType = file.sks; path = Explosion.sks; sourceTree = "<group>"; };
		006471E01F17749000667FA6 /* Starfield.sks */ = {isa = PBXFileReference; lastKnownFileType = file.sks; path = Starfield.sks; sourceTree = "<group>"; };
		006471E11F17749000667FA6 /* torpedo.mp3 */ = {isa = PBXFileReference; lastKnownFileType = audio.mp3; path = torpedo.mp3; sourceTree = "<group>"; };
		006471E61F17752000667FA6 /* spark.png */ = {isa = PBXFileReference; lastKnownFileType = image.png; path = spark.png; sourceTree = "<group>"; };
/* End PBXFileReference section */

/* Begin PBXFrameworksBuildPhase section */
		006471C01F1771C500667FA6 /* Frameworks */ = {
			isa = PBXFrameworksBuildPhase;
			buildActionMask = 2147483647;
			files = (
			);
			runOnlyForDeploymentPostprocessing = 0;
		};
/* End PBXFrameworksBuildPhase section */

/* Begin PBXGroup section */
		006471BA1F1771C500667FA6 = {
			isa = PBXGroup;
			children = (
				006471C51F1771C500667FA6 /* ArtGameProject */,
				006471C41F1771C500667FA6 /* Products */,
			);
			sourceTree = "<group>";
		};
		006471C41F1771C500667FA6 /* Products */ = {
			isa = PBXGroup;
			children = (
				006471C31F1771C500667FA6 /* ArtGameProject.app */,
			);
			name = Products;
			sourceTree = "<group>";
		};
		006471C51F1771C500667FA6 /* ArtGameProject */ = {
			isa = PBXGroup;
			children = (
				006471C61F1771C500667FA6 /* AppDelegate.swift */,
				006471C81F1771C500667FA6 /* GameScene.sks */,
				006471CA1F1771C500667FA6 /* Actions.sks */,
				006471CC1F1771C500667FA6 /* GameScene.swift */,
				006471CE1F1771C500667FA6 /* GameViewController.swift */,
				006471D01F1771C600667FA6 /* Main.storyboard */,
				006471D31F1771C600667FA6 /* Assets.xcassets */,
				006471DF1F17749000667FA6 /* Explosion.sks */,
				006471E01F17749000667FA6 /* Starfield.sks */,
				006471DE1F17749000667FA6 /* explosion.mp3 */,
				006471E11F17749000667FA6 /* torpedo.mp3 */,
				006471E61F17752000667FA6 /* spark.png */,
				006471D51F1771C600667FA6 /* LaunchScreen.storyboard */,
				006471D81F1771C600667FA6 /* Info.plist */,
			);
			path = ArtGameProject;
			sourceTree = "<group>";
		};
/* End PBXGroup section */

/* Begin PBXNativeTarget section */
		006471C21F1771C500667FA6 /* ArtGameProject */ = {
			isa = PBXNativeTarget;
			buildConfigurationList = 006471DB1F1771C600667FA6 /* Build configuration list for PBXNativeTarget "ArtGameProject" */;
			buildPhases = (
				006471BF1F1771C500667FA6 /* Sources */,
				006471C01F1771C500667FA6 /* Frameworks */,
				006471C11F1771C500667FA6 /* Resources */,
			);
			buildRules = (
			);
			dependencies = (
			);
			name = ArtGameProject;
			productName = ArtGameProject;
			productReference = 006471C31F1771C500667FA6 /* ArtGameProject.app */;
			productType = "com.apple.product-type.application";
		};
/* End PBXNativeTarget section */

/* Begin PBXProject section */
		006471BB1F1771C500667FA6 /* Project object */ = {
			isa = PBXProject;
			attributes = {
				LastSwiftUpdateCheck = 0830;
				LastUpgradeCheck = 0830;
				ORGANIZATIONNAME = iOSLab;
				TargetAttributes = {
					006471C21F1771C500667FA6 = {
						CreatedOnToolsVersion = 8.3.3;
						DevelopmentTeam = YQG7AYYG7N;
						ProvisioningStyle = Automatic;
					};
				};
			};
			buildConfigurationList = 006471BE1F1771C500667FA6 /* Build configuration list for PBXProject "ArtGameProject" */;
			compatibilityVersion = "Xcode 3.2";
			developmentRegion = English;
			hasScannedForEncodings = 0;
			knownRegions = (
				en,
				Base,
			);
			mainGroup = 006471BA1F1771C500667FA6;
			productRefGroup = 006471C41F1771C500667FA6 /* Products */;
			projectDirPath = "";
			projectRoot = "";
			targets = (
				006471C21F1771C500667FA6 /* ArtGameProject */,
			);
		};
/* End PBXProject section */

/* Begin PBXResourcesBuildPhase section */
		006471C11F1771C500667FA6 /* Resources */ = {
			isa = PBXResourcesBuildPhase;
			buildActionMask = 2147483647;
			files = (
				006471E21F17749000667FA6 /* explosion.mp3 in Resources */,
				006471D21F1771C600667FA6 /* Main.storyboard in Resources */,
				006471E41F17749000667FA6 /* Starfield.sks in Resources */,
				006471C91F1771C500667FA6 /* GameScene.sks in Resources */,
				006471D41F1771C600667FA6 /* Assets.xcassets in Resources */,
				006471E71F17752000667FA6 /* spark.png in Resources */,
				006471D71F1771C600667FA6 /* LaunchScreen.storyboard in Resources */,
				006471E31F17749000667FA6 /* Explosion.sks in Resources */,
				006471E51F17749000667FA6 /* torpedo.mp3 in Resources */,
				006471CB1F1771C500667FA6 /* Actions.sks in Resources */,
			);
			runOnlyForDeploymentPostprocessing = 0;
		};
/* End PBXResourcesBuildPhase section */

/* Begin PBXSourcesBuildPhase section */
		006471BF1F1771C500667FA6 /* Sources */ = {
			isa = PBXSourcesBuildPhase;
			buildActionMask = 2147483647;
			files = (
				006471CD1F1771C500667FA6 /* GameScene.swift in Sources */,
				006471CF1F1771C500667FA6 /* GameViewController.swift in Sources */,
				006471C71F1771C500667FA6 /* AppDelegate.swift in Sources */,
			);
			runOnlyForDeploymentPostprocessing = 0;
		};
/* End PBXSourcesBuildPhase section */

/* Begin PBXVariantGroup section */
		006471D01F1771C600667FA6 /* Main.storyboard */ = {
			isa = PBXVariantGroup;
			children = (
				006471D11F1771C600667FA6 /* Base */,
			);
			name = Main.storyboard;
			sourceTree = "<group>";
		};
		006471D51F1771C600667FA6 /* LaunchScreen.storyboard */ = {
			isa = PBXVariantGroup;
			children = (
				006471D61F1771C600667FA6 /* Base */,
			);
			name = LaunchScreen.storyboard;
			sourceTree = "<group>";
		};
/* End PBXVariantGroup section */

/* Begin XCBuildConfiguration section */
		006471D91F1771C600667FA6 /* Debug */ = {
			isa = XCBuildConfiguration;
			buildSettings = {
				ALWAYS_SEARCH_USER_PATHS = NO;
				CLANG_ANALYZER_NONNULL = YES;
				CLANG_ANALYZER_NUMBER_OBJECT_CONVERSION = YES_AGGRESSIVE;
				CLANG_CXX_LANGUAGE_STANDARD = "gnu++0x";
				CLANG_CXX_LIBRARY = "libc++";
				CLANG_ENABLE_MODULES = YES;
				CLANG_ENABLE_OBJC_ARC = YES;
				CLANG_WARN_BOOL_CONVERSION = YES;
				CLANG_WARN_CONSTANT_CONVERSION = YES;
				CLANG_WARN_DIRECT_OBJC_ISA_USAGE = YES_ERROR;
				CLANG_WARN_DOCUMENTATION_COMMENTS = YES;
				CLANG_WARN_EMPTY_BODY = YES;
				CLANG_WARN_ENUM_CONVERSION = YES;
				CLANG_WARN_INFINITE_RECURSION = YES;
				CLANG_WARN_INT_CONVERSION = YES;
				CLANG_WARN_OBJC_ROOT_CLASS = YES_ERROR;
				CLANG_WARN_SUSPICIOUS_MOVE = YES;
				CLANG_WARN_UNREACHABLE_CODE = YES;
				CLANG_WARN__DUPLICATE_METHOD_MATCH = YES;
				"CODE_SIGN_IDENTITY[sdk=iphoneos*]" = "iPhone Developer";
				COPY_PHASE_STRIP = NO;
				DEBUG_INFORMATION_FORMAT = dwarf;
				ENABLE_STRICT_OBJC_MSGSEND = YES;
				ENABLE_TESTABILITY = YES;
				GCC_C_LANGUAGE_STANDARD = gnu99;
				GCC_DYNAMIC_NO_PIC = NO;
				GCC_NO_COMMON_BLOCKS = YES;
				GCC_OPTIMIZATION_LEVEL = 0;
				GCC_PREPROCESSOR_DEFINITIONS = (
					"DEBUG=1",
					"$(inherited)",
				);
				GCC_WARN_64_TO_32_BIT_CONVERSION = YES;
				GCC_WARN_ABOUT_RETURN_TYPE = YES_ERROR;
				GCC_WARN_UNDECLARED_SELECTOR = YES;
				GCC_WARN_UNINITIALIZED_AUTOS = YES_AGGRESSIVE;
				GCC_WARN_UNUSED_FUNCTION = YES;
				GCC_WARN_UNUSED_VARIABLE = YES;
				IPHONEOS_DEPLOYMENT_TARGET = 10.3;
				MTL_ENABLE_DEBUG_INFO = YES;
				ONLY_ACTIVE_ARCH = YES;
				SDKROOT = iphoneos;
				SWIFT_ACTIVE_COMPILATION_CONDITIONS = DEBUG;
				SWIFT_OPTIMIZATION_LEVEL = "-Onone";
			};
			name = Debug;
		};
		006471DA1F1771C600667FA6 /* Release */ = {
			isa = XCBuildConfiguration;
			buildSettings = {
				ALWAYS_SEARCH_USER_PATHS = NO;
				CLANG_ANALYZER_NONNULL = YES;
				CLANG_ANALYZER_NUMBER_OBJECT_CONVERSION = YES_AGGRESSIVE;
				CLANG_CXX_LANGUAGE_STANDARD = "gnu++0x";
				CLANG_CXX_LIBRARY = "libc++";
				CLANG_ENABLE_MODULES = YES;
				CLANG_ENABLE_OBJC_ARC = YES;
				CLANG_WARN_BOOL_CONVERSION = YES;
				CLANG_WARN_CONSTANT_CONVERSION = YES;
				CLANG_WARN_DIRECT_OBJC_ISA_USAGE = YES_ERROR;
				CLANG_WARN_DOCUMENTATION_COMMENTS = YES;
				CLANG_WARN_EMPTY_BODY = YES;
				CLANG_WARN_ENUM_CONVERSION = YES;
				CLANG_WARN_INFINITE_RECURSION = YES;
				CLANG_WARN_INT_CONVERSION = YES;
				CLANG_WARN_OBJC_ROOT_CLASS = YES_ERROR;
				CLANG_WARN_SUSPICIOUS_MOVE = YES;
				CLANG_WARN_UNREACHABLE_CODE = YES;
				CLANG_WARN__DUPLICATE_METHOD_MATCH = YES;
				"CODE_SIGN_IDENTITY[sdk=iphoneos*]" = "iPhone Developer";
				COPY_PHASE_STRIP = NO;
				DEBUG_INFORMATION_FORMAT = "dwarf-with-dsym";
				ENABLE_NS_ASSERTIONS = NO;
				ENABLE_STRICT_OBJC_MSGSEND = YES;
				GCC_C_LANGUAGE_STANDARD = gnu99;
				GCC_NO_COMMON_BLOCKS = YES;
				GCC_WARN_64_TO_32_BIT_CONVERSION = YES;
				GCC_WARN_ABOUT_RETURN_TYPE = YES_ERROR;
				GCC_WARN_UNDECLARED_SELECTOR = YES;
				GCC_WARN_UNINITIALIZED_AUTOS = YES_AGGRESSIVE;
				GCC_WARN_UNUSED_FUNCTION = YES;
				GCC_WARN_UNUSED_VARIABLE = YES;
				IPHONEOS_DEPLOYMENT_TARGET = 10.3;
				MTL_ENABLE_DEBUG_INFO = NO;
				SDKROOT = iphoneos;
				SWIFT_OPTIMIZATION_LEVEL = "-Owholemodule";
				VALIDATE_PRODUCT = YES;
			};
			name = Release;
		};
		006471DC1F1771C600667FA6 /* Debug */ = {
			isa = XCBuildConfiguration;
			buildSettings = {
				ASSETCATALOG_COMPILER_APPICON_NAME = AppIcon;
				DEVELOPMENT_TEAM = YQG7AYYG7N;
				INFOPLIST_FILE = ArtGameProject/Info.plist;
				LD_RUNPATH_SEARCH_PATHS = "$(inherited) @executable_path/Frameworks";
				PRODUCT_BUNDLE_IDENTIFIER = iOSLab.ArtGameProject;
				PRODUCT_NAME = "$(TARGET_NAME)";
				SWIFT_VERSION = 3.0;
			};
			name = Debug;
		};
		006471DD1F1771C600667FA6 /* Release */ = {
			isa = XCBuildConfiguration;
			buildSettings = {
				ASSETCATALOG_COMPILER_APPICON_NAME = AppIcon;
				DEVELOPMENT_TEAM = YQG7AYYG7N;
				INFOPLIST_FILE = ArtGameProject/Info.plist;
				LD_RUNPATH_SEARCH_PATHS = "$(inherited) @executable_path/Frameworks";
				PRODUCT_BUNDLE_IDENTIFIER = iOSLab.ArtGameProject;
				PRODUCT_NAME = "$(TARGET_NAME)";
				SWIFT_VERSION = 3.0;
			};
			name = Release;
		};
/* End XCBuildConfiguration section */

/* Begin XCConfigurationList section */
		006471BE1F1771C500667FA6 /* Build configuration list for PBXProject "ArtGameProject" */ = {
			isa = XCConfigurationList;
			buildConfigurations = (
				006471D91F1771C600667FA6 /* Debug */,
				006471DA1F1771C600667FA6 /* Release */,
			);
			defaultConfigurationIsVisible = 0;
			defaultConfigurationName = Release;
		};
		006471DB1F1771C600667FA6 /* Build configuration list for PBXNativeTarget "ArtGameProject" */ = {
			isa = XCConfigurationList;
			buildConfigurations = (
				006471DC1F1771C600667FA6 /* Debug */,
				006471DD1F1771C600667FA6 /* Release */,
			);
			defaultConfigurationIsVisible = 0;
		};
/* End XCConfigurationList section */
	};
	rootObject = 006471BB1F1771C500667FA6 /* Project object */;
}
